
Microsoft Visual Studio Solution File, Format Version 12.00
# Visual Studio Version 16
VisualStudioVersion = 16.0.30709.132
MinimumVisualStudioVersion = 10.0.40219.1
Project("{FAE04EC0-301F-11D3-BF4B-00C04F79EFBC}") = "Zen", "Zen\Zen.csproj", "{1115F9DB-706E-498D-813B-F2F7C4EF39C6}"
EndProject
Project("{FAE04EC0-301F-11D3-BF4B-00C04F79EFBC}") = "Zen.Test", "Zen.Test\Zen.Test.csproj", "{725EB1FF-2CC3-47E7-AE43-7D02885DCB7A}"
EndProject
Global
	GlobalSection(SolutionConfigurationPlatforms) = preSolution
		Debug|Any CPU = Debug|Any CPU
		Release|Any CPU = Release|Any CPU
	EndGlobalSection
	GlobalSection(ProjectConfigurationPlatforms) = postSolution
		{1115F9DB-706E-498D-813B-F2F7C4EF39C6}.Debug|Any CPU.ActiveCfg = Debug|Any CPU
		{1115F9DB-706E-498D-813B-F2F7C4EF39C6}.Debug|Any CPU.Build.0 = Debug|Any CPU
		{1115F9DB-706E-498D-813B-F2F7C4EF39C6}.Release|Any CPU.ActiveCfg = Release|Any CPU
		{1115F9DB-706E-498D-813B-F2F7C4EF39C6}.Release|Any CPU.Build.0 = Release|Any CPU
		{725EB1FF-2CC3-47E7-AE43-7D02885DCB7A}.Debug|Any CPU.ActiveCfg = Debug|Any CPU
		{725EB1FF-2CC3-47E7-AE43-7D02885DCB7A}.Debug|Any CPU.Build.0 = Debug|Any CPU
		{725EB1FF-2CC3-47E7-AE43-7D02885DCB7A}.Release|Any CPU.ActiveCfg = Release|Any CPU
		{725EB1FF-2CC3-47E7-AE43-7D02885DCB7A}.Release|Any CPU.Build.0 = Release|Any CPU
	EndGlobalSection
	GlobalSection(SolutionProperties) = preSolution
		HideSolutionNode = FALSE
	EndGlobalSection
	GlobalSection(ExtensibilityGlobals) = postSolution
		SolutionGuid = {0834A865-1012-4241-838F-B0DBC443899E}
	EndGlobalSection
EndGlobal
